
Microsoft Visual Studio Solution File, Format Version 12.00
# Visual Studio Version 16
VisualStudioVersion = 16.0.29519.181
MinimumVisualStudioVersion = 10.0.40219.1
Project("{FAE04EC0-301F-11D3-BF4B-00C04F79EFBC}") = "CreaturesAndInterface", "CreaturesAndInterface.csproj", "{691A8414-61E0-4FDF-B686-FD0C0E38D74F}"
EndProject
Global
	GlobalSection(SolutionConfigurationPlatforms) = preSolution
		Debug|Any CPU = Debug|Any CPU
		Release|Any CPU = Release|Any CPU
	EndGlobalSection
	GlobalSection(ProjectConfigurationPlatforms) = postSolution
		{691A8414-61E0-4FDF-B686-FD0C0E38D74F}.Debug|Any CPU.ActiveCfg = Debug|Any CPU
		{691A8414-61E0-4FDF-B686-FD0C0E38D74F}.Debug|Any CPU.Build.0 = Debug|Any CPU
		{691A8414-61E0-4FDF-B686-FD0C0E38D74F}.Release|Any CPU.ActiveCfg = Release|Any CPU
		{691A8414-61E0-4FDF-B686-FD0C0E38D74F}.Release|Any CPU.Build.0 = Release|Any CPU
	EndGlobalSection
	GlobalSection(SolutionProperties) = preSolution
		HideSolutionNode = FALSE
	EndGlobalSection
	GlobalSection(ExtensibilityGlobals) = postSolution
		SolutionGuid = {B9CB228F-48D5-46EC-8CEF-15CB813078C0}
	EndGlobalSection
EndGlobal
